Microsoft Visual Studio Solution File, Format Version 12.00
# Visual Studio Version 17
VisualStudioVersion = 17.5.2.0
MinimumVisualStudioVersion = 10.0.40219.1
Project("{FAE04EC0-301F-11D3-BF4B-00C04F79EFBC}") = "GSWTesting", "GSWTesting.csproj", "{04B8257E-4C50-5FEF-1FE8-6567EA081A14}"
EndProject
Global
	GlobalSection(SolutionConfigurationPlatforms) = preSolution
		Debug|Any CPU = Debug|Any CPU
		Release|Any CPU = Release|Any CPU
	EndGlobalSection
	GlobalSection(ProjectConfigurationPlatforms) = postSolution
		{04B8257E-4C50-5FEF-1FE8-6567EA081A14}.Debug|Any CPU.ActiveCfg = Debug|Any CPU
		{04B8257E-4C50-5FEF-1FE8-6567EA081A14}.Debug|Any CPU.Build.0 = Debug|Any CPU
		{04B8257E-4C50-5FEF-1FE8-6567EA081A14}.Release|Any CPU.ActiveCfg = Release|Any CPU
		{04B8257E-4C50-5FEF-1FE8-6567EA081A14}.Release|Any CPU.Build.0 = Release|Any CPU
	EndGlobalSection
	GlobalSection(SolutionProperties) = preSolution
		HideSolutionNode = FALSE
	EndGlobalSection
	GlobalSection(ExtensibilityGlobals) = postSolution
		SolutionGuid = {4D2EEFEA-8A79-449C-8C8A-DB5F3EC8E59E}
	EndGlobalSection
EndGlobal
